
Microsoft Visual Studio Solution File, Format Version 12.00
# Visual Studio Version 16
VisualStudioVersion = 16.0.33423.256
MinimumVisualStudioVersion = 10.0.40219.1
Project("{FAE04EC0-301F-11D3-BF4B-00C04F79EFBC}") = "sonali3rdasp", "sonali3rdasp.csproj", "{FF571B54-C2A7-42B7-9DD3-F8D37AFF1D6B}"
EndProject
Global
	GlobalSection(SolutionConfigurationPlatforms) = preSolution
		Debug|Any CPU = Debug|Any CPU
		Release|Any CPU = Release|Any CPU
	EndGlobalSection
	GlobalSection(ProjectConfigurationPlatforms) = postSolution
		{FF571B54-C2A7-42B7-9DD3-F8D37AFF1D6B}.Debug|Any CPU.ActiveCfg = Debug|Any CPU
		{FF571B54-C2A7-42B7-9DD3-F8D37AFF1D6B}.Debug|Any CPU.Build.0 = Debug|Any CPU
		{FF571B54-C2A7-42B7-9DD3-F8D37AFF1D6B}.Release|Any CPU.ActiveCfg = Release|Any CPU
		{FF571B54-C2A7-42B7-9DD3-F8D37AFF1D6B}.Release|Any CPU.Build.0 = Release|Any CPU
	EndGlobalSection
	GlobalSection(SolutionProperties) = preSolution
		HideSolutionNode = FALSE
	EndGlobalSection
	GlobalSection(ExtensibilityGlobals) = postSolution
		SolutionGuid = {A245D54B-57AD-44B0-B353-CC51E059C419}
	EndGlobalSection
EndGlobal
